
Microsoft Visual Studio Solution File, Format Version 12.00
# Visual Studio Version 17
VisualStudioVersion = 17.5.33502.453
MinimumVisualStudioVersion = 10.0.40219.1
Project("{FAE04EC0-301F-11D3-BF4B-00C04F79EFBC}") = "aoci_lab2", "aoci_lab2\aoci_lab2.csproj", "{65D2C139-0B81-4532-B790-72CD23F601C6}"
EndProject
Global
	GlobalSection(SolutionConfigurationPlatforms) = preSolution
		Debug|Any CPU = Debug|Any CPU
		Release|Any CPU = Release|Any CPU
	EndGlobalSection
	GlobalSection(ProjectConfigurationPlatforms) = postSolution
		{65D2C139-0B81-4532-B790-72CD23F601C6}.Debug|Any CPU.ActiveCfg = Debug|Any CPU
		{65D2C139-0B81-4532-B790-72CD23F601C6}.Debug|Any CPU.Build.0 = Debug|Any CPU
		{65D2C139-0B81-4532-B790-72CD23F601C6}.Release|Any CPU.ActiveCfg = Release|Any CPU
		{65D2C139-0B81-4532-B790-72CD23F601C6}.Release|Any CPU.Build.0 = Release|Any CPU
	EndGlobalSection
	GlobalSection(SolutionProperties) = preSolution
		HideSolutionNode = FALSE
	EndGlobalSection
	GlobalSection(ExtensibilityGlobals) = postSolution
		SolutionGuid = {2D56DE43-4B11-4235-A25E-7B60F4A1974A}
	EndGlobalSection
EndGlobal
